{
  "name": "frontend",
  "version": "0.0.0",
  "lockfileVersion": 3,
  "requires": true,
  "packages": {
    "": {
      "name": "frontend",
      "version": "0.0.0",
      "dependencies": {
        "@angular/animations": "...",
        "@angular/common": "...",
        "@angular/compiler": "...",
        "@angular/core": "...",
        "@angular/forms": "...",
        "@angular/platform-browser": "...",
        "@angular/platform-browser-dynamic": "...",
        "@angular/router": "...",
        "rxjs": "...",
        "tslib": "...",
        "zone.js": "..."
      },
      "devDependencies": {
        "@angular-devkit/build-angular": "...",
        "@angular/cli": "file:...",
        "@angular/compiler-cli": "...",
        "@types/node": "...",
        "typescript": "..."
      }
    },
    "...": {},
    "node_modules/@angular-devkit/build-angular": {
      "resolved": "...",
      "link": true
    },
    "node_modules/@angular/animations": {
      "resolved": "...",
      "link": true
    },
    "node_modules/@angular/cli": {
      "resolved": "...",
      "link": true
    },
    "node_modules/@angular/common": {
      "resolved": "...",
      "link": true
    },
    "node_modules/@angular/compiler": {
      "resolved": "...",
      "link": true
    },
    "node_modules/@angular/compiler-cli": {
      "resolved": "...",
      "link": true
    },
    "node_modules/@angular/core": {
      "resolved": "...",
      "link": true
    },
    "node_modules/@angular/forms": {
      "resolved": "...",
      "link": true
    },
    "node_modules/@angular/platform-browser": {
      "resolved": "...",
      "link": true
    },
    "node_modules/@angular/platform-browser-dynamic": {
      "resolved": "...",
      "link": true
    },
    "node_modules/@angular/router": {
      "resolved": "...",
      "link": true
    },
    "node_modules/@types/node": {
      "resolved": "...",
      "link": true
    },
    "node_modules/rxjs": {
      "resolved": "...",
      "link": true
    },
    "node_modules/tslib": {
      "resolved": "...",
      "link": true
    },
    "node_modules/typescript": {
      "resolved": "...",
      "link": true
    },
    "node_modules/zone.js": {
      "resolved": "...",
      "link": true
    }
  }
}
